
Microsoft Visual Studio Solution File, Format Version 12.00
# Visual Studio 15
VisualStudioVersion = 15.0.27130.2036
MinimumVisualStudioVersion = 10.0.40219.1
Project("{FAE04EC0-301F-11D3-BF4B-00C04F79EFBC}") = "Lab Number 2", "Lab Number 2\Lab Number 2.csproj", "{2AB2D8D2-1557-454E-9205-3079CACC3D50}"
EndProject
Global
	GlobalSection(SolutionConfigurationPlatforms) = preSolution
		Debug|Any CPU = Debug|Any CPU
		Release|Any CPU = Release|Any CPU
	EndGlobalSection
	GlobalSection(ProjectConfigurationPlatforms) = postSolution
		{2AB2D8D2-1557-454E-9205-3079CACC3D50}.Debug|Any CPU.ActiveCfg = Debug|Any CPU
		{2AB2D8D2-1557-454E-9205-3079CACC3D50}.Debug|Any CPU.Build.0 = Debug|Any CPU
		{2AB2D8D2-1557-454E-9205-3079CACC3D50}.Release|Any CPU.ActiveCfg = Release|Any CPU
		{2AB2D8D2-1557-454E-9205-3079CACC3D50}.Release|Any CPU.Build.0 = Release|Any CPU
	EndGlobalSection
	GlobalSection(SolutionProperties) = preSolution
		HideSolutionNode = FALSE
	EndGlobalSection
	GlobalSection(ExtensibilityGlobals) = postSolution
		SolutionGuid = {A9E12FDB-761A-4FE3-A996-9D2C98B08B6B}
	EndGlobalSection
EndGlobal
